
Microsoft Visual Studio Solution File, Format Version 12.00
# Visual Studio Version 16
VisualStudioVersion = 16.0.32126.315
MinimumVisualStudioVersion = 10.0.40219.1
Project("{8BC9CEB8-8B4A-11D0-8D11-00A0C91BC942}") = "FileClient", "FileClient.vcxproj", "{2B8550B7-D120-42B3-8CB9-986BB8DBD22F}"
EndProject
Global
	GlobalSection(SolutionConfigurationPlatforms) = preSolution
		Debug|x64 = Debug|x64
		Debug|x86 = Debug|x86
		Release|x64 = Release|x64
		Release|x86 = Release|x86
	EndGlobalSection
	GlobalSection(ProjectConfigurationPlatforms) = postSolution
		{2B8550B7-D120-42B3-8CB9-986BB8DBD22F}.Debug|x64.ActiveCfg = Debug|x64
		{2B8550B7-D120-42B3-8CB9-986BB8DBD22F}.Debug|x64.Build.0 = Debug|x64
		{2B8550B7-D120-42B3-8CB9-986BB8DBD22F}.Debug|x86.ActiveCfg = Debug|Win32
		{2B8550B7-D120-42B3-8CB9-986BB8DBD22F}.Debug|x86.Build.0 = Debug|Win32
		{2B8550B7-D120-42B3-8CB9-986BB8DBD22F}.Release|x64.ActiveCfg = Release|x64
		{2B8550B7-D120-42B3-8CB9-986BB8DBD22F}.Release|x64.Build.0 = Release|x64
		{2B8550B7-D120-42B3-8CB9-986BB8DBD22F}.Release|x86.ActiveCfg = Release|Win32
		{2B8550B7-D120-42B3-8CB9-986BB8DBD22F}.Release|x86.Build.0 = Release|Win32
	EndGlobalSection
	GlobalSection(SolutionProperties) = preSolution
		HideSolutionNode = FALSE
	EndGlobalSection
	GlobalSection(ExtensibilityGlobals) = postSolution
		SolutionGuid = {952159CD-84E4-41CF-AB5C-05B1237B9057}
	EndGlobalSection
EndGlobal
